
Microsoft Visual Studio Solution File, Format Version 12.00
# Visual Studio Version 17
VisualStudioVersion = 17.3.32811.315
MinimumVisualStudioVersion = 10.0.40219.1
Project("{FAE04EC0-301F-11D3-BF4B-00C04F79EFBC}") = "ExpenseManager", "ExpenseManager.csproj", "{5E6A6C7C-1D5C-4923-B868-9C382311A4E5}"
EndProject
Project("{FAE04EC0-301F-11D3-BF4B-00C04F79EFBC}") = "ExpenseManager.Tests.Unit", "..\ExpenseManager.Tests.Unit\ExpenseManager.Tests.Unit.csproj", "{38948657-2C48-4101-A785-78CE119CFD54}"
EndProject
Global
	GlobalSection(SolutionConfigurationPlatforms) = preSolution
		Debug|Any CPU = Debug|Any CPU
		Release|Any CPU = Release|Any CPU
	EndGlobalSection
	GlobalSection(ProjectConfigurationPlatforms) = postSolution
		{5E6A6C7C-1D5C-4923-B868-9C382311A4E5}.Debug|Any CPU.ActiveCfg = Debug|Any CPU
		{5E6A6C7C-1D5C-4923-B868-9C382311A4E5}.Debug|Any CPU.Build.0 = Debug|Any CPU
		{5E6A6C7C-1D5C-4923-B868-9C382311A4E5}.Release|Any CPU.ActiveCfg = Release|Any CPU
		{5E6A6C7C-1D5C-4923-B868-9C382311A4E5}.Release|Any CPU.Build.0 = Release|Any CPU
		{38948657-2C48-4101-A785-78CE119CFD54}.Debug|Any CPU.ActiveCfg = Debug|Any CPU
		{38948657-2C48-4101-A785-78CE119CFD54}.Debug|Any CPU.Build.0 = Debug|Any CPU
		{38948657-2C48-4101-A785-78CE119CFD54}.Release|Any CPU.ActiveCfg = Release|Any CPU
		{38948657-2C48-4101-A785-78CE119CFD54}.Release|Any CPU.Build.0 = Release|Any CPU
	EndGlobalSection
	GlobalSection(SolutionProperties) = preSolution
		HideSolutionNode = FALSE
	EndGlobalSection
	GlobalSection(ExtensibilityGlobals) = postSolution
		SolutionGuid = {60FA452F-DA09-4710-AC62-A88B7B91A934}
	EndGlobalSection
EndGlobal
